// !$*UTF8*$!
{
	archiveVersion = 1;
	classes = {
	};
	objectVersion = 56;
	objects = {

/* Begin PBXBuildFile section */
		BE0B636D2B97D99D00180336 /* SDL2_image.framework in Frameworks */ = {isa = PBXBuildFile; fileRef = BE0B636C2B97D99D00180336 /* SDL2_image.framework */; };
		BE0B636E2B97D99D00180336 /* SDL2_image.framework in Embed Frameworks */ = {isa = PBXBuildFile; fileRef = BE0B636C2B97D99D00180336 /* SDL2_image.framework */; settings = {ATTRIBUTES = (CodeSignOnCopy, RemoveHeadersOnCopy, ); }; };
		BE0B63752B97E73600180336 /* assets in Resources */ = {isa = PBXBuildFile; fileRef = BE0B63742B97E73600180336 /* assets */; };
		BE0B63782B97EE2600180336 /* TextureManager.cpp in Sources */ = {isa = PBXBuildFile; fileRef = BE0B63772B97EE2600180336 /* TextureManager.cpp */; };
		BE0B637B2B97F07200180336 /* GameObject.cpp in Sources */ = {isa = PBXBuildFile; fileRef = BE0B63792B97F07200180336 /* GameObject.cpp */; };
		BE0B637E2B97FCA700180336 /* Map.cpp in Sources */ = {isa = PBXBuildFile; fileRef = BE0B637C2B97FCA700180336 /* Map.cpp */; };
		BE98CAAB2B97B23B00D763CB /* Assets.xcassets in Resources */ = {isa = PBXBuildFile; fileRef = BE98CAAA2B97B23B00D763CB /* Assets.xcassets */; };
		BE98CAB02B97B23B00D763CB /* main.cpp in Sources */ = {isa = PBXBuildFile; fileRef = BE98CAAF2B97B23B00D763CB /* main.cpp */; };
		BE98CAB92B97B2B400D763CB /* SDL2.framework in Frameworks */ = {isa = PBXBuildFile; fileRef = BE98CAB82B97B2B400D763CB /* SDL2.framework */; };
		BE98CABA2B97B2B400D763CB /* SDL2.framework in Embed Frameworks */ = {isa = PBXBuildFile; fileRef = BE98CAB82B97B2B400D763CB /* SDL2.framework */; settings = {ATTRIBUTES = (CodeSignOnCopy, RemoveHeadersOnCopy, ); }; };
		BE98CABE2B97C75E00D763CB /* Game.cpp in Sources */ = {isa = PBXBuildFile; fileRef = BE98CABC2B97C75E00D763CB /* Game.cpp */; };
/* End PBXBuildFile section */

/* Begin PBXCopyFilesBuildPhase section */
		BE98CABB2B97B2B400D763CB /* Embed Frameworks */ = {
			isa = PBXCopyFilesBuildPhase;
			buildActionMask = 2147483647;
			dstPath = "";
			dstSubfolderSpec = 10;
			files = (
				BE98CABA2B97B2B400D763CB /* SDL2.framework in Embed Frameworks */,
				BE0B636E2B97D99D00180336 /* SDL2_image.framework in Embed Frameworks */,
			);
			name = "Embed Frameworks";
			runOnlyForDeploymentPostprocessing = 0;
		};
/* End PBXCopyFilesBuildPhase section */

/* Begin PBXFileReference section */
		BE0B636C2B97D99D00180336 /* SDL2_image.framework */ = {isa = PBXFileReference; lastKnownFileType = wrapper.framework; path = SDL2_image.framework; sourceTree = "<group>"; };
		BE0B63742B97E73600180336 /* assets */ = {isa = PBXFileReference; lastKnownFileType = folder; path = assets; sourceTree = "<group>"; };
		BE0B63762B97EBD900180336 /* TextureManager.h */ = {isa = PBXFileReference; lastKnownFileType = sourcecode.c.h; path = TextureManager.h; sourceTree = "<group>"; };
		BE0B63772B97EE2600180336 /* TextureManager.cpp */ = {isa = PBXFileReference; lastKnownFileType = sourcecode.cpp.cpp; path = TextureManager.cpp; sourceTree = "<group>"; };
		BE0B63792B97F07200180336 /* GameObject.cpp */ = {isa = PBXFileReference; lastKnownFileType = sourcecode.cpp.cpp; path = GameObject.cpp; sourceTree = "<group>"; };
		BE0B637A2B97F07200180336 /* GameObject.h */ = {isa = PBXFileReference; lastKnownFileType = sourcecode.c.h; path = GameObject.h; sourceTree = "<group>"; };
		BE0B637C2B97FCA700180336 /* Map.cpp */ = {isa = PBXFileReference; lastKnownFileType = sourcecode.cpp.cpp; path = Map.cpp; sourceTree = "<group>"; };
		BE0B637D2B97FCA700180336 /* Map.h */ = {isa = PBXFileReference; lastKnownFileType = sourcecode.c.h; path = Map.h; sourceTree = "<group>"; };
		BE0B63802B98114600180336 /* ECS.h */ = {isa = PBXFileReference; lastKnownFileType = sourcecode.c.h; path = ECS.h; sourceTree = "<group>"; };
		BE0B63822B98418D00180336 /* Components.h */ = {isa = PBXFileReference; lastKnownFileType = sourcecode.c.h; path = Components.h; sourceTree = "<group>"; };
		BE0B63842B98D83F00180336 /* PositionComponent.h */ = {isa = PBXFileReference; lastKnownFileType = sourcecode.c.h; path = PositionComponent.h; sourceTree = "<group>"; };
		BE0B63852B98D8B000180336 /* SpriteComponent.h */ = {isa = PBXFileReference; lastKnownFileType = sourcecode.c.h; path = SpriteComponent.h; sourceTree = "<group>"; };
		BE98CAA12B97B23800D763CB /* SDL_App.app */ = {isa = PBXFileReference; explicitFileType = wrapper.application; includeInIndex = 0; path = SDL_App.app; sourceTree = BUILT_PRODUCTS_DIR; };
		BE98CAAA2B97B23B00D763CB /* Assets.xcassets */ = {isa = PBXFileReference; lastKnownFileType = folder.assetcatalog; path = Assets.xcassets; sourceTree = "<group>"; };
		BE98CAAF2B97B23B00D763CB /* main.cpp */ = {isa = PBXFileReference; lastKnownFileType = sourcecode.cpp.cpp; path = main.cpp; sourceTree = "<group>"; };
		BE98CAB12B97B23B00D763CB /* SDL_App.entitlements */ = {isa = PBXFileReference; lastKnownFileType = text.plist.entitlements; path = SDL_App.entitlements; sourceTree = "<group>"; };
		BE98CAB82B97B2B400D763CB /* SDL2.framework */ = {isa = PBXFileReference; lastKnownFileType = wrapper.framework; path = SDL2.framework; sourceTree = "<group>"; };
		BE98CABC2B97C75E00D763CB /* Game.cpp */ = {isa = PBXFileReference; lastKnownFileType = sourcecode.cpp.cpp; path = Game.cpp; sourceTree = "<group>"; };
		BE98CABD2B97C75E00D763CB /* Game.h */ = {isa = PBXFileReference; lastKnownFileType = sourcecode.c.h; path = Game.h; sourceTree = "<group>"; };
/* End PBXFileReference section */

/* Begin PBXFrameworksBuildPhase section */
		BE98CA9E2B97B23800D763CB /* Frameworks */ = {
			isa = PBXFrameworksBuildPhase;
			buildActionMask = 2147483647;
			files = (
				BE98CAB92B97B2B400D763CB /* SDL2.framework in Frameworks */,
				BE0B636D2B97D99D00180336 /* SDL2_image.framework in Frameworks */,
			);
			runOnlyForDeploymentPostprocessing = 0;
		};
/* End PBXFrameworksBuildPhase section */

/* Begin PBXGroup section */
		BE0B63832B9848D600180336 /* ECS */ = {
			isa = PBXGroup;
			children = (
				BE0B63802B98114600180336 /* ECS.h */,
				BE0B63822B98418D00180336 /* Components.h */,
				BE0B63842B98D83F00180336 /* PositionComponent.h */,
				BE0B63852B98D8B000180336 /* SpriteComponent.h */,
			);
			path = ECS;
			sourceTree = "<group>";
		};
		BE98CA982B97B23800D763CB = {
			isa = PBXGroup;
			children = (
				BE98CAA32B97B23800D763CB /* SDL_App */,
				BE98CAA22B97B23800D763CB /* Products */,
				BE98CAB72B97B2B400D763CB /* Frameworks */,
			);
			sourceTree = "<group>";
		};
		BE98CAA22B97B23800D763CB /* Products */ = {
			isa = PBXGroup;
			children = (
				BE98CAA12B97B23800D763CB /* SDL_App.app */,
			);
			name = Products;
			sourceTree = "<group>";
		};
		BE98CAA32B97B23800D763CB /* SDL_App */ = {
			isa = PBXGroup;
			children = (
				BE0B63832B9848D600180336 /* ECS */,
				BE0B63742B97E73600180336 /* assets */,
				BE0B63792B97F07200180336 /* GameObject.cpp */,
				BE0B637A2B97F07200180336 /* GameObject.h */,
				BE98CAAA2B97B23B00D763CB /* Assets.xcassets */,
				BE98CAAF2B97B23B00D763CB /* main.cpp */,
				BE98CAB12B97B23B00D763CB /* SDL_App.entitlements */,
				BE98CABC2B97C75E00D763CB /* Game.cpp */,
				BE98CABD2B97C75E00D763CB /* Game.h */,
				BE0B63762B97EBD900180336 /* TextureManager.h */,
				BE0B63772B97EE2600180336 /* TextureManager.cpp */,
				BE0B637C2B97FCA700180336 /* Map.cpp */,
				BE0B637D2B97FCA700180336 /* Map.h */,
			);
			path = SDL_App;
			sourceTree = "<group>";
		};
		BE98CAB72B97B2B400D763CB /* Frameworks */ = {
			isa = PBXGroup;
			children = (
				BE0B636C2B97D99D00180336 /* SDL2_image.framework */,
				BE98CAB82B97B2B400D763CB /* SDL2.framework */,
			);
			name = Frameworks;
			sourceTree = "<group>";
		};
/* End PBXGroup section */

/* Begin PBXNativeTarget section */
		BE98CAA02B97B23800D763CB /* SDL_App */ = {
			isa = PBXNativeTarget;
			buildConfigurationList = BE98CAB42B97B23B00D763CB /* Build configuration list for PBXNativeTarget "SDL_App" */;
			buildPhases = (
				BE98CA9D2B97B23800D763CB /* Sources */,
				BE98CA9E2B97B23800D763CB /* Frameworks */,
				BE98CA9F2B97B23800D763CB /* Resources */,
				BE98CABB2B97B2B400D763CB /* Embed Frameworks */,
			);
			buildRules = (
			);
			dependencies = (
			);
			name = SDL_App;
			productName = SDL_App;
			productReference = BE98CAA12B97B23800D763CB /* SDL_App.app */;
			productType = "com.apple.product-type.application";
		};
/* End PBXNativeTarget section */

/* Begin PBXProject section */
		BE98CA992B97B23800D763CB /* Project object */ = {
			isa = PBXProject;
			attributes = {
				BuildIndependentTargetsInParallel = 1;
				LastUpgradeCheck = 1520;
				TargetAttributes = {
					BE98CAA02B97B23800D763CB = {
						CreatedOnToolsVersion = 15.2;
					};
				};
			};
			buildConfigurationList = BE98CA9C2B97B23800D763CB /* Build configuration list for PBXProject "SDL_App" */;
			compatibilityVersion = "Xcode 14.0";
			developmentRegion = en;
			hasScannedForEncodings = 0;
			knownRegions = (
				en,
				Base,
			);
			mainGroup = BE98CA982B97B23800D763CB;
			productRefGroup = BE98CAA22B97B23800D763CB /* Products */;
			projectDirPath = "";
			projectRoot = "";
			targets = (
				BE98CAA02B97B23800D763CB /* SDL_App */,
			);
		};
/* End PBXProject section */

/* Begin PBXResourcesBuildPhase section */
		BE98CA9F2B97B23800D763CB /* Resources */ = {
			isa = PBXResourcesBuildPhase;
			buildActionMask = 2147483647;
			files = (
				BE98CAAB2B97B23B00D763CB /* Assets.xcassets in Resources */,
				BE0B63752B97E73600180336 /* assets in Resources */,
			);
			runOnlyForDeploymentPostprocessing = 0;
		};
/* End PBXResourcesBuildPhase section */

/* Begin PBXSourcesBuildPhase section */
		BE98CA9D2B97B23800D763CB /* Sources */ = {
			isa = PBXSourcesBuildPhase;
			buildActionMask = 2147483647;
			files = (
				BE0B637B2B97F07200180336 /* GameObject.cpp in Sources */,
				BE0B637E2B97FCA700180336 /* Map.cpp in Sources */,
				BE98CAB02B97B23B00D763CB /* main.cpp in Sources */,
				BE98CABE2B97C75E00D763CB /* Game.cpp in Sources */,
				BE0B63782B97EE2600180336 /* TextureManager.cpp in Sources */,
			);
			runOnlyForDeploymentPostprocessing = 0;
		};
/* End PBXSourcesBuildPhase section */

/* Begin XCBuildConfiguration section */
		BE98CAB22B97B23B00D763CB /* Debug */ = {
			isa = XCBuildConfiguration;
			buildSettings = {
				ALWAYS_SEARCH_USER_PATHS = NO;
				ASSETCATALOG_COMPILER_GENERATE_SWIFT_ASSET_SYMBOL_EXTENSIONS = YES;
				CLANG_ANALYZER_NONNULL = YES;
				CLANG_ANALYZER_NUMBER_OBJECT_CONVERSION = YES_AGGRESSIVE;
				CLANG_CXX_LANGUAGE_STANDARD = "gnu++20";
				CLANG_ENABLE_MODULES = YES;
				CLANG_ENABLE_OBJC_ARC = YES;
				CLANG_ENABLE_OBJC_WEAK = YES;
				CLANG_WARN_BLOCK_CAPTURE_AUTORELEASING = YES;
				CLANG_WARN_BOOL_CONVERSION = YES;
				CLANG_WARN_COMMA = YES;
				CLANG_WARN_CONSTANT_CONVERSION = YES;
				CLANG_WARN_DEPRECATED_OBJC_IMPLEMENTATIONS = YES;
				CLANG_WARN_DIRECT_OBJC_ISA_USAGE = YES_ERROR;
				CLANG_WARN_DOCUMENTATION_COMMENTS = YES;
				CLANG_WARN_EMPTY_BODY = YES;
				CLANG_WARN_ENUM_CONVERSION = YES;
				CLANG_WARN_INFINITE_RECURSION = YES;
				CLANG_WARN_INT_CONVERSION = YES;
				CLANG_WARN_NON_LITERAL_NULL_CONVERSION = YES;
				CLANG_WARN_OBJC_IMPLICIT_RETAIN_SELF = YES;
				CLANG_WARN_OBJC_LITERAL_CONVERSION = YES;
				CLANG_WARN_OBJC_ROOT_CLASS = YES_ERROR;
				CLANG_WARN_QUOTED_INCLUDE_IN_FRAMEWORK_HEADER = YES;
				CLANG_WARN_RANGE_LOOP_ANALYSIS = YES;
				CLANG_WARN_STRICT_PROTOTYPES = YES;
				CLANG_WARN_SUSPICIOUS_MOVE = YES;
				CLANG_WARN_UNGUARDED_AVAILABILITY = YES_AGGRESSIVE;
				CLANG_WARN_UNREACHABLE_CODE = YES;
				CLANG_WARN__DUPLICATE_METHOD_MATCH = YES;
				COPY_PHASE_STRIP = NO;
				DEBUG_INFORMATION_FORMAT = dwarf;
				ENABLE_STRICT_OBJC_MSGSEND = YES;
				ENABLE_TESTABILITY = YES;
				ENABLE_USER_SCRIPT_SANDBOXING = YES;
				GCC_C_LANGUAGE_STANDARD = gnu17;
				GCC_DYNAMIC_NO_PIC = NO;
				GCC_NO_COMMON_BLOCKS = YES;
				GCC_OPTIMIZATION_LEVEL = 0;
				GCC_PREPROCESSOR_DEFINITIONS = (
					"DEBUG=1",
					"$(inherited)",
				);
				GCC_WARN_64_TO_32_BIT_CONVERSION = YES;
				GCC_WARN_ABOUT_RETURN_TYPE = YES_ERROR;
				GCC_WARN_UNDECLARED_SELECTOR = YES;
				GCC_WARN_UNINITIALIZED_AUTOS = YES_AGGRESSIVE;
				GCC_WARN_UNUSED_FUNCTION = YES;
				GCC_WARN_UNUSED_VARIABLE = YES;
				LOCALIZATION_PREFERS_STRING_CATALOGS = YES;
				MACOSX_DEPLOYMENT_TARGET = 14.2;
				MTL_ENABLE_DEBUG_INFO = INCLUDE_SOURCE;
				MTL_FAST_MATH = YES;
				ONLY_ACTIVE_ARCH = YES;
				SDKROOT = macosx;
			};
			name = Debug;
		};
		BE98CAB32B97B23B00D763CB /* Release */ = {
			isa = XCBuildConfiguration;
			buildSettings = {
				ALWAYS_SEARCH_USER_PATHS = NO;
				ASSETCATALOG_COMPILER_GENERATE_SWIFT_ASSET_SYMBOL_EXTENSIONS = YES;
				CLANG_ANALYZER_NONNULL = YES;
				CLANG_ANALYZER_NUMBER_OBJECT_CONVERSION = YES_AGGRESSIVE;
				CLANG_CXX_LANGUAGE_STANDARD = "gnu++20";
				CLANG_ENABLE_MODULES = YES;
				CLANG_ENABLE_OBJC_ARC = YES;
				CLANG_ENABLE_OBJC_WEAK = YES;
				CLANG_WARN_BLOCK_CAPTURE_AUTORELEASING = YES;
				CLANG_WARN_BOOL_CONVERSION = YES;
				CLANG_WARN_COMMA = YES;
				CLANG_WARN_CONSTANT_CONVERSION = YES;
				CLANG_WARN_DEPRECATED_OBJC_IMPLEMENTATIONS = YES;
				CLANG_WARN_DIRECT_OBJC_ISA_USAGE = YES_ERROR;
				CLANG_WARN_DOCUMENTATION_COMMENTS = YES;
				CLANG_WARN_EMPTY_BODY = YES;
				CLANG_WARN_ENUM_CONVERSION = YES;
				CLANG_WARN_INFINITE_RECURSION = YES;
				CLANG_WARN_INT_CONVERSION = YES;
				CLANG_WARN_NON_LITERAL_NULL_CONVERSION = YES;
				CLANG_WARN_OBJC_IMPLICIT_RETAIN_SELF = YES;
				CLANG_WARN_OBJC_LITERAL_CONVERSION = YES;
				CLANG_WARN_OBJC_ROOT_CLASS = YES_ERROR;
				CLANG_WARN_QUOTED_INCLUDE_IN_FRAMEWORK_HEADER = YES;
				CLANG_WARN_RANGE_LOOP_ANALYSIS = YES;
				CLANG_WARN_STRICT_PROTOTYPES = YES;
				CLANG_WARN_SUSPICIOUS_MOVE = YES;
				CLANG_WARN_UNGUARDED_AVAILABILITY = YES_AGGRESSIVE;
				CLANG_WARN_UNREACHABLE_CODE = YES;
				CLANG_WARN__DUPLICATE_METHOD_MATCH = YES;
				COPY_PHASE_STRIP = NO;
				DEBUG_INFORMATION_FORMAT = "dwarf-with-dsym";
				ENABLE_NS_ASSERTIONS = NO;
				ENABLE_STRICT_OBJC_MSGSEND = YES;
				ENABLE_USER_SCRIPT_SANDBOXING = YES;
				GCC_C_LANGUAGE_STANDARD = gnu17;
				GCC_NO_COMMON_BLOCKS = YES;
				GCC_WARN_64_TO_32_BIT_CONVERSION = YES;
				GCC_WARN_ABOUT_RETURN_TYPE = YES_ERROR;
				GCC_WARN_UNDECLARED_SELECTOR = YES;
				GCC_WARN_UNINITIALIZED_AUTOS = YES_AGGRESSIVE;
				GCC_WARN_UNUSED_FUNCTION = YES;
				GCC_WARN_UNUSED_VARIABLE = YES;
				LOCALIZATION_PREFERS_STRING_CATALOGS = YES;
				MACOSX_DEPLOYMENT_TARGET = 14.2;
				MTL_ENABLE_DEBUG_INFO = NO;
				MTL_FAST_MATH = YES;
				SDKROOT = macosx;
			};
			name = Release;
		};
		BE98CAB52B97B23B00D763CB /* Debug */ = {
			isa = XCBuildConfiguration;
			buildSettings = {
				ASSETCATALOG_COMPILER_APPICON_NAME = AppIcon;
				ASSETCATALOG_COMPILER_GLOBAL_ACCENT_COLOR_NAME = AccentColor;
				CODE_SIGN_ENTITLEMENTS = SDL_App/SDL_App.entitlements;
				CODE_SIGN_STYLE = Automatic;
				COMBINE_HIDPI_IMAGES = YES;
				CURRENT_PROJECT_VERSION = 1;
				FRAMEWORK_SEARCH_PATHS = (
					"$(inherited)",
					"$(PROJECT_DIR)",
				);
				GENERATE_INFOPLIST_FILE = YES;
				INFOPLIST_KEY_NSHumanReadableCopyright = "";
				INFOPLIST_KEY_NSMainStoryboardFile = Main;
				INFOPLIST_KEY_NSPrincipalClass = NSApplication;
				LD_RUNPATH_SEARCH_PATHS = (
					"$(inherited)",
					"@executable_path/../Frameworks",
				);
				MARKETING_VERSION = 1.0;
				PRODUCT_BUNDLE_IDENTIFIER = "com.mikamistudio.SDL-App";
				PRODUCT_NAME = "$(TARGET_NAME)";
				SWIFT_EMIT_LOC_STRINGS = YES;
			};
			name = Debug;
		};
		BE98CAB62B97B23B00D763CB /* Release */ = {
			isa = XCBuildConfiguration;
			buildSettings = {
				ASSETCATALOG_COMPILER_APPICON_NAME = AppIcon;
				ASSETCATALOG_COMPILER_GLOBAL_ACCENT_COLOR_NAME = AccentColor;
				CODE_SIGN_ENTITLEMENTS = SDL_App/SDL_App.entitlements;
				CODE_SIGN_STYLE = Automatic;
				COMBINE_HIDPI_IMAGES = YES;
				CURRENT_PROJECT_VERSION = 1;
				FRAMEWORK_SEARCH_PATHS = (
					"$(inherited)",
					"$(PROJECT_DIR)",
				);
				GENERATE_INFOPLIST_FILE = YES;
				INFOPLIST_KEY_NSHumanReadableCopyright = "";
				INFOPLIST_KEY_NSMainStoryboardFile = Main;
				INFOPLIST_KEY_NSPrincipalClass = NSApplication;
				LD_RUNPATH_SEARCH_PATHS = (
					"$(inherited)",
					"@executable_path/../Frameworks",
				);
				MARKETING_VERSION = 1.0;
				PRODUCT_BUNDLE_IDENTIFIER = "com.mikamistudio.SDL-App";
				PRODUCT_NAME = "$(TARGET_NAME)";
				SWIFT_EMIT_LOC_STRINGS = YES;
			};
			name = Release;
		};
/* End XCBuildConfiguration section */

/* Begin XCConfigurationList section */
		BE98CA9C2B97B23800D763CB /* Build configuration list for PBXProject "SDL_App" */ = {
			isa = XCConfigurationList;
			buildConfigurations = (
				BE98CAB22B97B23B00D763CB /* Debug */,
				BE98CAB32B97B23B00D763CB /* Release */,
			);
			defaultConfigurationIsVisible = 0;
			defaultConfigurationName = Release;
		};
		BE98CAB42B97B23B00D763CB /* Build configuration list for PBXNativeTarget "SDL_App" */ = {
			isa = XCConfigurationList;
			buildConfigurations = (
				BE98CAB52B97B23B00D763CB /* Debug */,
				BE98CAB62B97B23B00D763CB /* Release */,
			);
			defaultConfigurationIsVisible = 0;
			defaultConfigurationName = Release;
		};
/* End XCConfigurationList section */
	};
	rootObject = BE98CA992B97B23800D763CB /* Project object */;
}
